
Microsoft Visual Studio Solution File, Format Version 12.00
# Visual Studio Version 18
VisualStudioVersion = 18.6.11822.322 stable
MinimumVisualStudioVersion = 10.0.40219.1
Project("{FAE04EC0-301F-11D3-BF4B-00C04F79EFBC}") = "TouristPortal", "TouristPortal.csproj", "{B95E8027-F83A-A90D-7EFD-991514DDA75B}"
EndProject
Global
	GlobalSection(SolutionConfigurationPlatforms) = preSolution
		Debug|Any CPU = Debug|Any CPU
		Release|Any CPU = Release|Any CPU
	EndGlobalSection
	GlobalSection(ProjectConfigurationPlatforms) = postSolution
		{B95E8027-F83A-A90D-7EFD-991514DDA75B}.Debug|Any CPU.ActiveCfg = Debug|Any CPU
		{B95E8027-F83A-A90D-7EFD-991514DDA75B}.Debug|Any CPU.Build.0 = Debug|Any CPU
		{B95E8027-F83A-A90D-7EFD-991514DDA75B}.Release|Any CPU.ActiveCfg = Release|Any CPU
		{B95E8027-F83A-A90D-7EFD-991514DDA75B}.Release|Any CPU.Build.0 = Release|Any CPU
	EndGlobalSection
	GlobalSection(SolutionProperties) = preSolution
		HideSolutionNode = FALSE
	EndGlobalSection
	GlobalSection(ExtensibilityGlobals) = postSolution
		SolutionGuid = {DAA82730-A42A-4A08-A0A1-7C3E5DB1A1D9}
	EndGlobalSection
EndGlobal
